
Microsoft Visual Studio Solution File, Format Version 12.00
# Visual Studio Version 16
VisualStudioVersion = 16.0.29020.237
MinimumVisualStudioVersion = 10.0.40219.1
Project("{FAE04EC0-301F-11D3-BF4B-00C04F79EFBC}") = "ToyGrafX.Console", "ToyGrafX\ToyGrafX.Console.csproj", "{E9BC352D-1B5B-45A5-9356-F8CEA9627DC7}"
EndProject
Project("{FAE04EC0-301F-11D3-BF4B-00C04F79EFBC}") = "ToyGrafXwin", "ToyGrafXwin\ToyGrafXwin.csproj", "{0F7D0F9E-2439-45BF-A273-7F0D23889C31}"
EndProject
Project("{FAE04EC0-301F-11D3-BF4B-00C04F79EFBC}") = "ToyGrafX.Engine", "ToyGrafX.Engine\ToyGrafX.Engine.csproj", "{C5D021E6-196F-45E1-915B-CDF7020CE226}"
EndProject
Project("{FAE04EC0-301F-11D3-BF4B-00C04F79EFBC}") = "ToyGrafX.Controls", "ToyGrafX.Controls\ToyGrafX.Controls.csproj", "{D2D7AB8A-264D-4F85-A1CC-74347263FE22}"
EndProject
Global
	GlobalSection(SolutionConfigurationPlatforms) = preSolution
		Debug|Any CPU = Debug|Any CPU
		Release|Any CPU = Release|Any CPU
	EndGlobalSection
	GlobalSection(ProjectConfigurationPlatforms) = postSolution
		{E9BC352D-1B5B-45A5-9356-F8CEA9627DC7}.Debug|Any CPU.ActiveCfg = Debug|Any CPU
		{E9BC352D-1B5B-45A5-9356-F8CEA9627DC7}.Debug|Any CPU.Build.0 = Debug|Any CPU
		{E9BC352D-1B5B-45A5-9356-F8CEA9627DC7}.Release|Any CPU.ActiveCfg = Release|Any CPU
		{E9BC352D-1B5B-45A5-9356-F8CEA9627DC7}.Release|Any CPU.Build.0 = Release|Any CPU
		{0F7D0F9E-2439-45BF-A273-7F0D23889C31}.Debug|Any CPU.ActiveCfg = Debug|Any CPU
		{0F7D0F9E-2439-45BF-A273-7F0D23889C31}.Debug|Any CPU.Build.0 = Debug|Any CPU
		{0F7D0F9E-2439-45BF-A273-7F0D23889C31}.Release|Any CPU.ActiveCfg = Release|Any CPU
		{0F7D0F9E-2439-45BF-A273-7F0D23889C31}.Release|Any CPU.Build.0 = Release|Any CPU
		{C5D021E6-196F-45E1-915B-CDF7020CE226}.Debug|Any CPU.ActiveCfg = Debug|Any CPU
		{C5D021E6-196F-45E1-915B-CDF7020CE226}.Debug|Any CPU.Build.0 = Debug|Any CPU
		{C5D021E6-196F-45E1-915B-CDF7020CE226}.Release|Any CPU.ActiveCfg = Release|Any CPU
		{C5D021E6-196F-45E1-915B-CDF7020CE226}.Release|Any CPU.Build.0 = Release|Any CPU
		{D2D7AB8A-264D-4F85-A1CC-74347263FE22}.Debug|Any CPU.ActiveCfg = Debug|Any CPU
		{D2D7AB8A-264D-4F85-A1CC-74347263FE22}.Debug|Any CPU.Build.0 = Debug|Any CPU
		{D2D7AB8A-264D-4F85-A1CC-74347263FE22}.Release|Any CPU.ActiveCfg = Release|Any CPU
		{D2D7AB8A-264D-4F85-A1CC-74347263FE22}.Release|Any CPU.Build.0 = Release|Any CPU
	EndGlobalSection
	GlobalSection(SolutionProperties) = preSolution
		HideSolutionNode = FALSE
	EndGlobalSection
	GlobalSection(ExtensibilityGlobals) = postSolution
		SolutionGuid = {5EC7F495-E17E-4022-BC88-81E39F4E71D8}
	EndGlobalSection
EndGlobal
